{
    "_meta": {
        "hash": {
            "sha256": "f866054125c5c7ffe49d99b3e882a2b56c1ce8c6fce6c8b446eb4e1b4b5e4f58"
        },
        "host-environment-markers": {
            "implementation_name": "cpython",
            "implementation_version": "3.6.3",
            "os_name": "posix",
            "platform_machine": "x86_64",
            "platform_python_implementation": "CPython",
            "platform_release": "4.13.0-37-generic",
            "platform_system": "Linux",
            "platform_version": "#42-Ubuntu SMP Wed Mar 7 14:13:23 UTC 2018",
            "python_full_version": "3.6.3",
            "python_version": "3.6",
            "sys_platform": "linux"
        },
        "pipfile-spec": 6,
        "requires": {
            "python_version": "3.6"
        },
        "sources": [
            {
                "name": "pypi",
                "url": "https://pypi.python.org/simple",
                "verify_ssl": true
            }
        ]
    },
    "default": {
        "async-generator": {
            "hashes": [
                "sha256:2f45541002a14f80fffc6d52788f92470ff0d9bfe81c434ea8cd60babe43de9e",
                "sha256:b7d5465c6174fe86dba498ececb175f93a6097ffb7cc91946405e1f05b848371"
            ],
            "version": "==1.9"
        },
        "attrs": {
            "hashes": [
                "sha256:a17a9573a6f475c99b551c0e0a812707ddda1ec9653bed04c13841404ed6f450",
                "sha256:1c7960ccfd6a005cd9f7ba884e6316b5e430a3f1a6c37c5f87d8b43f83b54ec9"
            ],
            "version": "==17.4.0"
        },
        "idna": {
            "hashes": [
                "sha256:8c7309c718f94b3a625cb648ace320157ad16ff131ae0af362c9f21b80ef6ec4",
                "sha256:2c6a5de3089009e3da7c5dde64a141dbc8551d5b7f6cf4ed7c2568d0cc520a8f"
            ],
            "version": "==2.6"
        },
        "msgpack": {
            "hashes": [
                "sha256:cfd6535feb0f1cf1c7cdb25773e965cc9f92928244a8c3ef6f8f8a8e1f7ae5c4",
                "sha256:f8a57cbda46a94ed0db55b73e6ab0c15e78b4ede8690fa491a0e55128d552bb0",
                "sha256:8767eb0032732c3a0da92cbec5ac186ef89a3258c6edca09161472ca0206c45f",
                "sha256:2ff43e3247a1e11d544017bb26f580a68306cec7a6257d8818893c1fda665f42",
                "sha256:fcea97a352416afcbccd7af9625159d80704a25c519c251c734527329bb20d0e",
                "sha256:1369f9edba9500c7a6489b70fdfac773e925342f4531f1e3d4c20ac3173b1ae0",
                "sha256:ab189a6365be1860a5ecf8159c248f12d33f79ea799ae9695fa6a29896dcf1d4",
                "sha256:e274cd4480d8c76ec467a85a9c6635bbf2258f0649040560382ab58cabb44bcf",
                "sha256:0b3b1773d2693c70598585a34ca2715873ba899565f0a7c9a1545baef7e7fbdc",
                "sha256:22d9c929d1d539f37da3d1b0e16270fa9d46107beab8c0d4d2bddffffe895cee",
                "sha256:0bae5d1538c5c6a75642f75a1781f3ac2275d744a92af1a453c150da3446138b",
                "sha256:f86642d60dca13e93260187d56c2bef2487aa4d574a669e8ceefcf9f4c26fd00",
                "sha256:8acc8910218555044e23826980b950e96685dc48124a290c86f6f41a296ea172",
                "sha256:31a98047355d34d047fcdb55b09cb19f633cf214c705a765bd745456c142130c",
                "sha256:0ee8c8c85aa651be3aa0cd005b5931769eaa658c948ce79428766f1bd46ae2c3"
            ],
            "version": "==0.5.6"
        },
        "prompt-toolkit": {
            "git": "https://github.com/jonathanslenders/python-prompt-toolkit.git",
            "ref": "2.0"
        },
        "pygments": {
            "hashes": [
                "sha256:78f3f434bcc5d6ee09020f92ba487f95ba50f1e3ef83ae96b9d5ffa1bab25c5d",
                "sha256:dbae1046def0efb574852fab9e90209b23f556367b5a320c0bcb871c77c3e8cc"
            ],
            "version": "==2.2.0"
        },
        "sortedcontainers": {
            "hashes": [
                "sha256:fb9e22cd6ee4b459f0d7b9b4189b19631031c72ac05715563139162014c13672",
                "sha256:844daced0f20d75c02ce53f373d048ea2e401ad8a7b3a4c43b2aa544b569efb3"
            ],
            "version": "==1.5.9"
        },
        "trio": {
            "hashes": [
                "sha256:be77e713d4b57473fd2025de0ba639288adcc98a0bd468a5e4d312ba0e919438",
                "sha256:d54fcfb12305bbdaa11843efe22c130acdbc72fa7dafb9c5d777051de3fbd72e"
            ],
            "version": "==0.3.0"
        }
    },
    "develop": {}
}
